
Microsoft Visual Studio Solution File, Format Version 12.00
# Visual Studio Version 16
VisualStudioVersion = 16.0.30204.135
MinimumVisualStudioVersion = 10.0.40219.1
Project("{FAE04EC0-301F-11D3-BF4B-00C04F79EFBC}") = "IconMaker.Classes", "IconMaker.Classes\IconMaker.Classes.csproj", "{8FB65285-1619-42BA-ADF6-A829323C1F55}"
EndProject
Project("{FAE04EC0-301F-11D3-BF4B-00C04F79EFBC}") = "IconMaker.TesteVisual", "IconMaker.TesteVisual\IconMaker.TesteVisual.csproj", "{0E3BC1C7-AB0A-4B11-930A-8284ED4ECBE0}"
EndProject
Global
	GlobalSection(SolutionConfigurationPlatforms) = preSolution
		Debug|Any CPU = Debug|Any CPU
		Release|Any CPU = Release|Any CPU
	EndGlobalSection
	GlobalSection(ProjectConfigurationPlatforms) = postSolution
		{8FB65285-1619-42BA-ADF6-A829323C1F55}.Debug|Any CPU.ActiveCfg = Debug|Any CPU
		{8FB65285-1619-42BA-ADF6-A829323C1F55}.Debug|Any CPU.Build.0 = Debug|Any CPU
		{8FB65285-1619-42BA-ADF6-A829323C1F55}.Release|Any CPU.ActiveCfg = Release|Any CPU
		{8FB65285-1619-42BA-ADF6-A829323C1F55}.Release|Any CPU.Build.0 = Release|Any CPU
		{0E3BC1C7-AB0A-4B11-930A-8284ED4ECBE0}.Debug|Any CPU.ActiveCfg = Debug|Any CPU
		{0E3BC1C7-AB0A-4B11-930A-8284ED4ECBE0}.Debug|Any CPU.Build.0 = Debug|Any CPU
		{0E3BC1C7-AB0A-4B11-930A-8284ED4ECBE0}.Release|Any CPU.ActiveCfg = Release|Any CPU
		{0E3BC1C7-AB0A-4B11-930A-8284ED4ECBE0}.Release|Any CPU.Build.0 = Release|Any CPU
	EndGlobalSection
	GlobalSection(SolutionProperties) = preSolution
		HideSolutionNode = FALSE
	EndGlobalSection
	GlobalSection(ExtensibilityGlobals) = postSolution
		SolutionGuid = {DBE1860D-08E9-46F4-B2DB-6550C8B8199F}
	EndGlobalSection
EndGlobal
