
Microsoft Visual Studio Solution File, Format Version 12.00
# Visual Studio Version 16
VisualStudioVersion = 16.0.30204.135
MinimumVisualStudioVersion = 10.0.40219.1
Project("{FAE04EC0-301F-11D3-BF4B-00C04F79EFBC}") = "ConversorBase64.Classe", "ConversorBase64.Classe\ConversorBase64.Classe.csproj", "{9FCF98F5-185B-4E8B-8F6E-75BA62F9931C}"
EndProject
Project("{FAE04EC0-301F-11D3-BF4B-00C04F79EFBC}") = "ConversorBase64.TesteVisual", "ConversorBase64.TesteVisual\ConversorBase64.TesteVisual.csproj", "{9B61EA05-9595-410C-A796-4F850531C15D}"
EndProject
Global
	GlobalSection(SolutionConfigurationPlatforms) = preSolution
		Debug|Any CPU = Debug|Any CPU
		Release|Any CPU = Release|Any CPU
	EndGlobalSection
	GlobalSection(ProjectConfigurationPlatforms) = postSolution
		{9FCF98F5-185B-4E8B-8F6E-75BA62F9931C}.Debug|Any CPU.ActiveCfg = Debug|Any CPU
		{9FCF98F5-185B-4E8B-8F6E-75BA62F9931C}.Debug|Any CPU.Build.0 = Debug|Any CPU
		{9FCF98F5-185B-4E8B-8F6E-75BA62F9931C}.Release|Any CPU.ActiveCfg = Release|Any CPU
		{9FCF98F5-185B-4E8B-8F6E-75BA62F9931C}.Release|Any CPU.Build.0 = Release|Any CPU
		{9B61EA05-9595-410C-A796-4F850531C15D}.Debug|Any CPU.ActiveCfg = Debug|Any CPU
		{9B61EA05-9595-410C-A796-4F850531C15D}.Debug|Any CPU.Build.0 = Debug|Any CPU
		{9B61EA05-9595-410C-A796-4F850531C15D}.Release|Any CPU.ActiveCfg = Release|Any CPU
		{9B61EA05-9595-410C-A796-4F850531C15D}.Release|Any CPU.Build.0 = Release|Any CPU
	EndGlobalSection
	GlobalSection(SolutionProperties) = preSolution
		HideSolutionNode = FALSE
	EndGlobalSection
	GlobalSection(ExtensibilityGlobals) = postSolution
		SolutionGuid = {96C861DB-0FFD-45C2-98C2-C86C18FB66FF}
	EndGlobalSection
EndGlobal
